Microsoft Visual Studio Solution File, Format Version 12.00
# Visual Studio Version 17
VisualStudioVersion = 17.5.2.0
MinimumVisualStudioVersion = 10.0.40219.1
Project("{2150E333-8FDC-42A3-9474-1A3956D46DE8}") = "DotNET", "DotNET", "{71E6E750-85FD-B5BC-4321-E01377EC6231}"
EndProject
Project("{FAE04EC0-301F-11D3-BF4B-00C04F79EFBC}") = "1_Datatype", "DotNET\1_Datatype\1_Datatype.csproj", "{81EEE5A2-9E4C-733D-F713-79251ECAA796}"
EndProject
Global
	GlobalSection(SolutionConfigurationPlatforms) = preSolution
		Debug|Any CPU = Debug|Any CPU
		Release|Any CPU = Release|Any CPU
	EndGlobalSection
	GlobalSection(ProjectConfigurationPlatforms) = postSolution
		{81EEE5A2-9E4C-733D-F713-79251ECAA796}.Debug|Any CPU.ActiveCfg = Debug|Any CPU
		{81EEE5A2-9E4C-733D-F713-79251ECAA796}.Debug|Any CPU.Build.0 = Debug|Any CPU
		{81EEE5A2-9E4C-733D-F713-79251ECAA796}.Release|Any CPU.ActiveCfg = Release|Any CPU
		{81EEE5A2-9E4C-733D-F713-79251ECAA796}.Release|Any CPU.Build.0 = Release|Any CPU
	EndGlobalSection
	GlobalSection(SolutionProperties) = preSolution
		HideSolutionNode = FALSE
	EndGlobalSection
	GlobalSection(NestedProjects) = preSolution
		{81EEE5A2-9E4C-733D-F713-79251ECAA796} = {71E6E750-85FD-B5BC-4321-E01377EC6231}
	EndGlobalSection
	GlobalSection(ExtensibilityGlobals) = postSolution
		SolutionGuid = {BE846AA4-29B6-482E-9750-CF883D7EAD81}
	EndGlobalSection
EndGlobal
