Microsoft Visual Studio Solution File, Format Version 12.00
# Visual Studio Version 17
VisualStudioVersion = 17.5.2.0
MinimumVisualStudioVersion = 10.0.40219.1
Project("{FAE04EC0-301F-11D3-BF4B-00C04F79EFBC}") = "1_Recode", "1_Recode\1_Recode.csproj", "{192EE260-563D-558F-76C3-8FC32DE31648}"
EndProject
Global
	GlobalSection(SolutionConfigurationPlatforms) = preSolution
		Debug|Any CPU = Debug|Any CPU
		Release|Any CPU = Release|Any CPU
	EndGlobalSection
	GlobalSection(ProjectConfigurationPlatforms) = postSolution
		{192EE260-563D-558F-76C3-8FC32DE31648}.Debug|Any CPU.ActiveCfg = Debug|Any CPU
		{192EE260-563D-558F-76C3-8FC32DE31648}.Debug|Any CPU.Build.0 = Debug|Any CPU
		{192EE260-563D-558F-76C3-8FC32DE31648}.Release|Any CPU.ActiveCfg = Release|Any CPU
		{192EE260-563D-558F-76C3-8FC32DE31648}.Release|Any CPU.Build.0 = Release|Any CPU
	EndGlobalSection
	GlobalSection(SolutionProperties) = preSolution
		HideSolutionNode = FALSE
	EndGlobalSection
	GlobalSection(ExtensibilityGlobals) = postSolution
		SolutionGuid = {33140627-153B-46CE-8107-3A08B93B34E4}
	EndGlobalSection
EndGlobal
